
Microsoft Visual Studio Solution File, Format Version 12.00
# Visual Studio Version 17
VisualStudioVersion = 17.0.32014.148
MinimumVisualStudioVersion = 10.0.40219.1
Project("{9A19103F-16F7-4668-BE54-9A1E7A4F7556}") = "Tumblepub", "Tumblepub\Tumblepub.csproj", "{8490F955-DA88-4038-A421-6193FAE9B517}"
EndProject
Project("{9A19103F-16F7-4668-BE54-9A1E7A4F7556}") = "Tumblepub.ActivityPub", "Tumblepub.ActivityPub\Tumblepub.ActivityPub.csproj", "{475FAD16-65AD-4E04-A38E-DB90A5BFC232}"
EndProject
Project("{9A19103F-16F7-4668-BE54-9A1E7A4F7556}") = "Tumblepub.Themes", "Tumblepub.Themes\Tumblepub.Themes.csproj", "{898A3379-2A47-4015-9C8E-8B9D4871406D}"
EndProject
Project("{E53339B2-1760-4266-BCC7-CA923CBCF16C}") = "docker-compose", "docker-compose.dcproj", "{2A20A5D0-1348-4FBE-892F-6E8812AC72EF}"
EndProject
Project("{FAE04EC0-301F-11D3-BF4B-00C04F79EFBC}") = "Tumblepub.Application", "Tumblepub.Application\Tumblepub.Application.csproj", "{F413917A-DFBD-48F9-8C00-A625FEA12C4C}"
EndProject
Project("{FAE04EC0-301F-11D3-BF4B-00C04F79EFBC}") = "Tumblepub.Infrastructure", "Tumblepub.Infrastructure\Tumblepub.Infrastructure.csproj", "{B40F45EF-F3D1-4F97-861B-E8A967C130F7}"
EndProject
Project("{2150E333-8FDC-42A3-9474-1A3956D46DE8}") = "ActivityPub", "ActivityPub", "{F6321A8E-F118-4FDC-9F66-571A37061226}"
EndProject
Global
	GlobalSection(SolutionConfigurationPlatforms) = preSolution
		Debug|Any CPU = Debug|Any CPU
		Release|Any CPU = Release|Any CPU
	EndGlobalSection
	GlobalSection(ProjectConfigurationPlatforms) = postSolution
		{8490F955-DA88-4038-A421-6193FAE9B517}.Debug|Any CPU.ActiveCfg = Debug|Any CPU
		{8490F955-DA88-4038-A421-6193FAE9B517}.Debug|Any CPU.Build.0 = Debug|Any CPU
		{8490F955-DA88-4038-A421-6193FAE9B517}.Release|Any CPU.ActiveCfg = Release|Any CPU
		{8490F955-DA88-4038-A421-6193FAE9B517}.Release|Any CPU.Build.0 = Release|Any CPU
		{475FAD16-65AD-4E04-A38E-DB90A5BFC232}.Debug|Any CPU.ActiveCfg = Debug|Any CPU
		{475FAD16-65AD-4E04-A38E-DB90A5BFC232}.Debug|Any CPU.Build.0 = Debug|Any CPU
		{475FAD16-65AD-4E04-A38E-DB90A5BFC232}.Release|Any CPU.ActiveCfg = Release|Any CPU
		{475FAD16-65AD-4E04-A38E-DB90A5BFC232}.Release|Any CPU.Build.0 = Release|Any CPU
		{898A3379-2A47-4015-9C8E-8B9D4871406D}.Debug|Any CPU.ActiveCfg = Debug|Any CPU
		{898A3379-2A47-4015-9C8E-8B9D4871406D}.Debug|Any CPU.Build.0 = Debug|Any CPU
		{898A3379-2A47-4015-9C8E-8B9D4871406D}.Release|Any CPU.ActiveCfg = Release|Any CPU
		{898A3379-2A47-4015-9C8E-8B9D4871406D}.Release|Any CPU.Build.0 = Release|Any CPU
		{2A20A5D0-1348-4FBE-892F-6E8812AC72EF}.Debug|Any CPU.ActiveCfg = Debug|Any CPU
		{2A20A5D0-1348-4FBE-892F-6E8812AC72EF}.Debug|Any CPU.Build.0 = Debug|Any CPU
		{2A20A5D0-1348-4FBE-892F-6E8812AC72EF}.Release|Any CPU.ActiveCfg = Release|Any CPU
		{2A20A5D0-1348-4FBE-892F-6E8812AC72EF}.Release|Any CPU.Build.0 = Release|Any CPU
		{F413917A-DFBD-48F9-8C00-A625FEA12C4C}.Debug|Any CPU.ActiveCfg = Debug|Any CPU
		{F413917A-DFBD-48F9-8C00-A625FEA12C4C}.Debug|Any CPU.Build.0 = Debug|Any CPU
		{F413917A-DFBD-48F9-8C00-A625FEA12C4C}.Release|Any CPU.ActiveCfg = Release|Any CPU
		{F413917A-DFBD-48F9-8C00-A625FEA12C4C}.Release|Any CPU.Build.0 = Release|Any CPU
		{B40F45EF-F3D1-4F97-861B-E8A967C130F7}.Debug|Any CPU.ActiveCfg = Debug|Any CPU
		{B40F45EF-F3D1-4F97-861B-E8A967C130F7}.Debug|Any CPU.Build.0 = Debug|Any CPU
		{B40F45EF-F3D1-4F97-861B-E8A967C130F7}.Release|Any CPU.ActiveCfg = Release|Any CPU
		{B40F45EF-F3D1-4F97-861B-E8A967C130F7}.Release|Any CPU.Build.0 = Release|Any CPU
	EndGlobalSection
	GlobalSection(SolutionProperties) = preSolution
		HideSolutionNode = FALSE
	EndGlobalSection
	GlobalSection(ExtensibilityGlobals) = postSolution
		SolutionGuid = {39B4474D-2086-41B7-B4B4-44A8A9A0FBBF}
	EndGlobalSection
	GlobalSection(NestedProjects) = preSolution
		{475FAD16-65AD-4E04-A38E-DB90A5BFC232} = {F6321A8E-F118-4FDC-9F66-571A37061226}
	EndGlobalSection
EndGlobal
