
Microsoft Visual Studio Solution File, Format Version 12.00
# Visual Studio Version 16
VisualStudioVersion = 16.0.30804.86
MinimumVisualStudioVersion = 10.0.40219.1
Project("{9A19103F-16F7-4668-BE54-9A1E7A4F7556}") = "Bloq.Server", "Bloq.Server\Bloq.Server.csproj", "{58D0AB98-5B0F-45F8-B35D-EC0437E01988}"
EndProject
Project("{9A19103F-16F7-4668-BE54-9A1E7A4F7556}") = "Bloq.Client", "Bloq.Client\Bloq.Client.csproj", "{919BBD69-C5CB-4A4A-A4A0-D7C0350CBCD3}"
EndProject
Project("{9A19103F-16F7-4668-BE54-9A1E7A4F7556}") = "Bloq.Shared", "Bloq.Shared\Bloq.Shared.csproj", "{22972464-F318-4440-89B4-45BE90D4C045}"
EndProject
Global
	GlobalSection(SolutionConfigurationPlatforms) = preSolution
		Debug|Any CPU = Debug|Any CPU
		Release|Any CPU = Release|Any CPU
	EndGlobalSection
	GlobalSection(ProjectConfigurationPlatforms) = postSolution
		{58D0AB98-5B0F-45F8-B35D-EC0437E01988}.Debug|Any CPU.ActiveCfg = Debug|Any CPU
		{58D0AB98-5B0F-45F8-B35D-EC0437E01988}.Debug|Any CPU.Build.0 = Debug|Any CPU
		{58D0AB98-5B0F-45F8-B35D-EC0437E01988}.Release|Any CPU.ActiveCfg = Release|Any CPU
		{58D0AB98-5B0F-45F8-B35D-EC0437E01988}.Release|Any CPU.Build.0 = Release|Any CPU
		{919BBD69-C5CB-4A4A-A4A0-D7C0350CBCD3}.Debug|Any CPU.ActiveCfg = Debug|Any CPU
		{919BBD69-C5CB-4A4A-A4A0-D7C0350CBCD3}.Debug|Any CPU.Build.0 = Debug|Any CPU
		{919BBD69-C5CB-4A4A-A4A0-D7C0350CBCD3}.Release|Any CPU.ActiveCfg = Release|Any CPU
		{919BBD69-C5CB-4A4A-A4A0-D7C0350CBCD3}.Release|Any CPU.Build.0 = Release|Any CPU
		{22972464-F318-4440-89B4-45BE90D4C045}.Debug|Any CPU.ActiveCfg = Debug|Any CPU
		{22972464-F318-4440-89B4-45BE90D4C045}.Debug|Any CPU.Build.0 = Debug|Any CPU
		{22972464-F318-4440-89B4-45BE90D4C045}.Release|Any CPU.ActiveCfg = Release|Any CPU
		{22972464-F318-4440-89B4-45BE90D4C045}.Release|Any CPU.Build.0 = Release|Any CPU
	EndGlobalSection
	GlobalSection(SolutionProperties) = preSolution
		HideSolutionNode = FALSE
	EndGlobalSection
	GlobalSection(ExtensibilityGlobals) = postSolution
		SolutionGuid = {EDAE8BCF-4859-418F-A9B3-2F46692EFE6E}
	EndGlobalSection
EndGlobal
